
Microsoft Visual Studio Solution File, Format Version 12.00
# Visual Studio Version 18
VisualStudioVersion = 18.0.11018.127 d18.0
MinimumVisualStudioVersion = 10.0.40219.1
Project("{FAE04EC0-301F-11D3-BF4B-00C04F79EFBC}") = "YandexMusicPatcher", "YandexMusicPatcher.csproj", "{A9FF27E9-1A78-42B7-B846-221F20945108}"
EndProject
Global
	GlobalSection(SolutionConfigurationPlatforms) = preSolution
		Debug|Any CPU = Debug|Any CPU
		Debug|ARM = Debug|ARM
		Debug|ARM64 = Debug|ARM64
		Debug|x64 = Debug|x64
		Debug|x86 = Debug|x86
		Release|Any CPU = Release|Any CPU
		Release|ARM = Release|ARM
		Release|ARM64 = Release|ARM64
		Release|x64 = Release|x64
		Release|x86 = Release|x86
	EndGlobalSection
	GlobalSection(ProjectConfigurationPlatforms) = postSolution
		{A9FF27E9-1A78-42B7-B846-221F20945108}.Debug|Any CPU.ActiveCfg = Debug|Any CPU
		{A9FF27E9-1A78-42B7-B846-221F20945108}.Debug|Any CPU.Build.0 = Debug|Any CPU
		{A9FF27E9-1A78-42B7-B846-221F20945108}.Debug|ARM.ActiveCfg = Debug|Any CPU
		{A9FF27E9-1A78-42B7-B846-221F20945108}.Debug|ARM.Build.0 = Debug|Any CPU
		{A9FF27E9-1A78-42B7-B846-221F20945108}.Debug|ARM64.ActiveCfg = Debug|Any CPU
		{A9FF27E9-1A78-42B7-B846-221F20945108}.Debug|ARM64.Build.0 = Debug|Any CPU
		{A9FF27E9-1A78-42B7-B846-221F20945108}.Debug|x64.ActiveCfg = Debug|Any CPU
		{A9FF27E9-1A78-42B7-B846-221F20945108}.Debug|x64.Build.0 = Debug|Any CPU
		{A9FF27E9-1A78-42B7-B846-221F20945108}.Debug|x86.ActiveCfg = Debug|Any CPU
		{A9FF27E9-1A78-42B7-B846-221F20945108}.Debug|x86.Build.0 = Debug|Any CPU
		{A9FF27E9-1A78-42B7-B846-221F20945108}.Release|Any CPU.ActiveCfg = Release|Any CPU
		{A9FF27E9-1A78-42B7-B846-221F20945108}.Release|Any CPU.Build.0 = Release|Any CPU
		{A9FF27E9-1A78-42B7-B846-221F20945108}.Release|ARM.ActiveCfg = Release|Any CPU
		{A9FF27E9-1A78-42B7-B846-221F20945108}.Release|ARM.Build.0 = Release|Any CPU
		{A9FF27E9-1A78-42B7-B846-221F20945108}.Release|ARM64.ActiveCfg = Release|Any CPU
		{A9FF27E9-1A78-42B7-B846-221F20945108}.Release|ARM64.Build.0 = Release|Any CPU
		{A9FF27E9-1A78-42B7-B846-221F20945108}.Release|x64.ActiveCfg = Release|Any CPU
		{A9FF27E9-1A78-42B7-B846-221F20945108}.Release|x64.Build.0 = Release|Any CPU
		{A9FF27E9-1A78-42B7-B846-221F20945108}.Release|x86.ActiveCfg = Release|Any CPU
		{A9FF27E9-1A78-42B7-B846-221F20945108}.Release|x86.Build.0 = Release|Any CPU
	EndGlobalSection
	GlobalSection(SolutionProperties) = preSolution
		HideSolutionNode = FALSE
	EndGlobalSection
EndGlobal
